# This file is automatically @generated by Cargo.
# It is not intended for manual editing.
[[package]]
name = "bison"
version = "0.0.0"
dependencies = [
 "bison-core",
 "bison-http",
]

[[package]]
name = "bison-core"
version = "0.0.0"
dependencies = [
 "bison-http",
]

[[package]]
name = "bison-http"
version = "0.0.0"
